// !$*UTF8*$!
{
	archiveVersion = 1;
	classes = {
	};
	objectVersion = 50;
	objects = {

/* Begin PBXBuildFile section */
		655B94AD2282C7AD004DBF32 /* AppDelegate.swift in Sources */ = {isa = PBXBuildFile; fileRef = 655B94AC2282C7AD004DBF32 /* AppDelegate.swift */; };
		655B94AF2282C7AD004DBF32 /* ViewController.swift in Sources */ = {isa = PBXBuildFile; fileRef = 655B94AE2282C7AD004DBF32 /* ViewController.swift */; };
		655B94B22282C7AD004DBF32 /* Main.storyboard in Resources */ = {isa = PBXBuildFile; fileRef = 655B94B02282C7AD004DBF32 /* Main.storyboard */; };
		655B94B42282C7AE004DBF32 /* Assets.xcassets in Resources */ = {isa = PBXBuildFile; fileRef = 655B94B32282C7AE004DBF32 /* Assets.xcassets */; };
		655B94B72282C7AE004DBF32 /* LaunchScreen.storyboard in Resources */ = {isa = PBXBuildFile; fileRef = 655B94B52282C7AE004DBF32 /* LaunchScreen.storyboard */; };
		A575B145306A9E61C5EC7F0A /* Pods_SignalR.framework in Frameworks */ = {isa = PBXBuildFile; fileRef = 3ED25EA9046C49CCE84D6A4F /* Pods_SignalR.framework */; };
/* End PBXBuildFile section */

/* Begin PBXFileReference section */
		3ED25EA9046C49CCE84D6A4F /* Pods_SignalR.framework */ = {isa = PBXFileReference; explicitFileType = wrapper.framework; includeInIndex = 0; path = Pods_SignalR.framework; sourceTree = BUILT_PRODUCTS_DIR; };
		655B94A92282C7AD004DBF32 /* SignalR.app */ = {isa = PBXFileReference; explicitFileType = wrapper.application; includeInIndex = 0; path = SignalR.app; sourceTree = BUILT_PRODUCTS_DIR; };
		655B94AC2282C7AD004DBF32 /* AppDelegate.swift */ = {isa = PBXFileReference; lastKnownFileType = sourcecode.swift; path = AppDelegate.swift; sourceTree = "<group>"; };
		655B94AE2282C7AD004DBF32 /* ViewController.swift */ = {isa = PBXFileReference; lastKnownFileType = sourcecode.swift; path = ViewController.swift; sourceTree = "<group>"; };
		655B94B12282C7AD004DBF32 /* Base */ = {isa = PBXFileReference; lastKnownFileType = file.storyboard; name = Base; path = Base.lproj/Main.storyboard; sourceTree = "<group>"; };
		655B94B32282C7AE004DBF32 /* Assets.xcassets */ = {isa = PBXFileReference; lastKnownFileType = folder.assetcatalog; path = Assets.xcassets; sourceTree = "<group>"; };
		655B94B62282C7AE004DBF32 /* Base */ = {isa = PBXFileReference; lastKnownFileType = file.storyboard; name = Base; path = Base.lproj/LaunchScreen.storyboard; sourceTree = "<group>"; };
		655B94B82282C7AE004DBF32 /* Info.plist */ = {isa = PBXFileReference; lastKnownFileType = text.plist.xml; path = Info.plist; sourceTree = "<group>"; };
		7D51DD787090439D6A99759A /* Pods-SignalR.debug.xcconfig */ = {isa = PBXFileReference; includeInIndex = 1; lastKnownFileType = text.xcconfig; name = "Pods-SignalR.debug.xcconfig"; path = "Target Support Files/Pods-SignalR/Pods-SignalR.debug.xcconfig"; sourceTree = "<group>"; };
		E0A49F9DAA24BC2A351034BB /* Pods-SignalR.release.xcconfig */ = {isa = PBXFileReference; includeInIndex = 1; lastKnownFileType = text.xcconfig; name = "Pods-SignalR.release.xcconfig"; path = "Target Support Files/Pods-SignalR/Pods-SignalR.release.xcconfig"; sourceTree = "<group>"; };
/* End PBXFileReference section */

/* Begin PBXFrameworksBuildPhase section */
		655B94A62282C7AD004DBF32 /* Frameworks */ = {
			isa = PBXFrameworksBuildPhase;
			buildActionMask = 2147483647;
			files = (
				A575B145306A9E61C5EC7F0A /* Pods_SignalR.framework in Frameworks */,
			);
			runOnlyForDeploymentPostprocessing = 0;
		};
/* End PBXFrameworksBuildPhase section */

/* Begin PBXGroup section */
		655B94A02282C7AD004DBF32 = {
			isa = PBXGroup;
			children = (
				655B94AB2282C7AD004DBF32 /* SignalR */,
				655B94AA2282C7AD004DBF32 /* Products */,
				8F0038363A3171DFB0655605 /* Pods */,
				A8D1325632BB1C80D85B0714 /* Frameworks */,
			);
			sourceTree = "<group>";
		};
		655B94AA2282C7AD004DBF32 /* Products */ = {
			isa = PBXGroup;
			children = (
				655B94A92282C7AD004DBF32 /* SignalR.app */,
			);
			name = Products;
			sourceTree = "<group>";
		};
		655B94AB2282C7AD004DBF32 /* SignalR */ = {
			isa = PBXGroup;
			children = (
				655B94AC2282C7AD004DBF32 /* AppDelegate.swift */,
				655B94AE2282C7AD004DBF32 /* ViewController.swift */,
				655B94B02282C7AD004DBF32 /* Main.storyboard */,
				655B94B32282C7AE004DBF32 /* Assets.xcassets */,
				655B94B52282C7AE004DBF32 /* LaunchScreen.storyboard */,
				655B94B82282C7AE004DBF32 /* Info.plist */,
			);
			path = SignalR;
			sourceTree = "<group>";
		};
		8F0038363A3171DFB0655605 /* Pods */ = {
			isa = PBXGroup;
			children = (
				7D51DD787090439D6A99759A /* Pods-SignalR.debug.xcconfig */,
				E0A49F9DAA24BC2A351034BB /* Pods-SignalR.release.xcconfig */,
			);
			path = Pods;
			sourceTree = "<group>";
		};
		A8D1325632BB1C80D85B0714 /* Frameworks */ = {
			isa = PBXGroup;
			children = (
				3ED25EA9046C49CCE84D6A4F /* Pods_SignalR.framework */,
			);
			name = Frameworks;
			sourceTree = "<group>";
		};
/* End PBXGroup section */

/* Begin PBXNativeTarget section */
		655B94A82282C7AD004DBF32 /* SignalR */ = {
			isa = PBXNativeTarget;
			buildConfigurationList = 655B94BB2282C7AE004DBF32 /* Build configuration list for PBXNativeTarget "SignalR" */;
			buildPhases = (
				2D16EF6D1BA2C41F3C06EF62 /* [CP] Check Pods Manifest.lock */,
				655B94A52282C7AD004DBF32 /* Sources */,
				655B94A62282C7AD004DBF32 /* Frameworks */,
				655B94A72282C7AD004DBF32 /* Resources */,
				C69B547F54AA99F6A124918F /* [CP] Embed Pods Frameworks */,
			);
			buildRules = (
			);
			dependencies = (
			);
			name = SignalR;
			productName = SignalR;
			productReference = 655B94A92282C7AD004DBF32 /* SignalR.app */;
			productType = "com.apple.product-type.application";
		};
/* End PBXNativeTarget section */

/* Begin PBXProject section */
		655B94A12282C7AD004DBF32 /* Project object */ = {
			isa = PBXProject;
			attributes = {
				LastSwiftUpdateCheck = 1020;
				LastUpgradeCheck = 1020;
				ORGANIZATIONNAME = Daniel;
				TargetAttributes = {
					655B94A82282C7AD004DBF32 = {
						CreatedOnToolsVersion = 10.2.1;
					};
				};
			};
			buildConfigurationList = 655B94A42282C7AD004DBF32 /* Build configuration list for PBXProject "SignalR" */;
			compatibilityVersion = "Xcode 9.3";
			developmentRegion = en;
			hasScannedForEncodings = 0;
			knownRegions = (
				en,
				Base,
			);
			mainGroup = 655B94A02282C7AD004DBF32;
			productRefGroup = 655B94AA2282C7AD004DBF32 /* Products */;
			projectDirPath = "";
			projectRoot = "";
			targets = (
				655B94A82282C7AD004DBF32 /* SignalR */,
			);
		};
/* End PBXProject section */

/* Begin PBXResourcesBuildPhase section */
		655B94A72282C7AD004DBF32 /* Resources */ = {
			isa = PBXResourcesBuildPhase;
			buildActionMask = 2147483647;
			files = (
				655B94B72282C7AE004DBF32 /* LaunchScreen.storyboard in Resources */,
				655B94B42282C7AE004DBF32 /* Assets.xcassets in Resources */,
				655B94B22282C7AD004DBF32 /* Main.storyboard in Resources */,
			);
			runOnlyForDeploymentPostprocessing = 0;
		};
/* End PBXResourcesBuildPhase section */

/* Begin PBXShellScriptBuildPhase section */
		2D16EF6D1BA2C41F3C06EF62 /* [CP] Check Pods Manifest.lock */ = {
			isa = PBXShellScriptBuildPhase;
			buildActionMask = 2147483647;
			files = (
			);
			inputFileListPaths = (
			);
			inputPaths = (
				"${PODS_PODFILE_DIR_PATH}/Podfile.lock",
				"${PODS_ROOT}/Manifest.lock",
			);
			name = "[CP] Check Pods Manifest.lock";
			outputFileListPaths = (
			);
			outputPaths = (
				"$(DERIVED_FILE_DIR)/Pods-SignalR-checkManifestLockResult.txt",
			);
			runOnlyForDeploymentPostprocessing = 0;
			shellPath = /bin/sh;
			shellScript = "diff \"${PODS_PODFILE_DIR_PATH}/Podfile.lock\" \"${PODS_ROOT}/Manifest.lock\" > /dev/null\nif [ $? != 0 ] ; then\n    # print error to STDERR\n    echo \"error: The sandbox is not in sync with the Podfile.lock. Run 'pod install' or update your CocoaPods installation.\" >&2\n    exit 1\nfi\n# This output is used by Xcode 'outputs' to avoid re-running this script phase.\necho \"SUCCESS\" > \"${SCRIPT_OUTPUT_FILE_0}\"\n";
			showEnvVarsInLog = 0;
		};
		C69B547F54AA99F6A124918F /* [CP] Embed Pods Frameworks */ = {
			isa = PBXShellScriptBuildPhase;
			buildActionMask = 2147483647;
			files = (
			);
			inputFileListPaths = (
			);
			inputPaths = (
				"${PODS_ROOT}/Target Support Files/Pods-SignalR/Pods-SignalR-frameworks.sh",
				"${BUILT_PRODUCTS_DIR}/SwiftSignalRClient/SwiftSignalRClient.framework",
			);
			name = "[CP] Embed Pods Frameworks";
			outputFileListPaths = (
			);
			outputPaths = (
				"${TARGET_BUILD_DIR}/${FRAMEWORKS_FOLDER_PATH}/SwiftSignalRClient.framework",
			);
			runOnlyForDeploymentPostprocessing = 0;
			shellPath = /bin/sh;
			shellScript = "\"${PODS_ROOT}/Target Support Files/Pods-SignalR/Pods-SignalR-frameworks.sh\"\n";
			showEnvVarsInLog = 0;
		};
/* End PBXShellScriptBuildPhase section */

/* Begin PBXSourcesBuildPhase section */
		655B94A52282C7AD004DBF32 /* Sources */ = {
			isa = PBXSourcesBuildPhase;
			buildActionMask = 2147483647;
			files = (
				655B94AF2282C7AD004DBF32 /* ViewController.swift in Sources */,
				655B94AD2282C7AD004DBF32 /* AppDelegate.swift in Sources */,
			);
			runOnlyForDeploymentPostprocessing = 0;
		};
/* End PBXSourcesBuildPhase section */

/* Begin PBXVariantGroup section */
		655B94B02282C7AD004DBF32 /* Main.storyboard */ = {
			isa = PBXVariantGroup;
			children = (
				655B94B12282C7AD004DBF32 /* Base */,
			);
			name = Main.storyboard;
			sourceTree = "<group>";
		};
		655B94B52282C7AE004DBF32 /* LaunchScreen.storyboard */ = {
			isa = PBXVariantGroup;
			children = (
				655B94B62282C7AE004DBF32 /* Base */,
			);
			name = LaunchScreen.storyboard;
			sourceTree = "<group>";
		};
/* End PBXVariantGroup section */

/* Begin XCBuildConfiguration section */
		655B94B92282C7AE004DBF32 /* Debug */ = {
			isa = XCBuildConfiguration;
			buildSettings = {
				ALWAYS_SEARCH_USER_PATHS = NO;
				CLANG_ANALYZER_NONNULL = YES;
				CLANG_ANALYZER_NUMBER_OBJECT_CONVERSION = YES_AGGRESSIVE;
				CLANG_CXX_LANGUAGE_STANDARD = "gnu++14";
				CLANG_CXX_LIBRARY = "libc++";
				CLANG_ENABLE_MODULES = YES;
				CLANG_ENABLE_OBJC_ARC = YES;
				CLANG_ENABLE_OBJC_WEAK = YES;
				CLANG_WARN_BLOCK_CAPTURE_AUTORELEASING = YES;
				CLANG_WARN_BOOL_CONVERSION = YES;
				CLANG_WARN_COMMA = YES;
				CLANG_WARN_CONSTANT_CONVERSION = YES;
				CLANG_WARN_DEPRECATED_OBJC_IMPLEMENTATIONS = YES;
				CLANG_WARN_DIRECT_OBJC_ISA_USAGE = YES_ERROR;
				CLANG_WARN_DOCUMENTATION_COMMENTS = YES;
				CLANG_WARN_EMPTY_BODY = YES;
				CLANG_WARN_ENUM_CONVERSION = YES;
				CLANG_WARN_INFINITE_RECURSION = YES;
				CLANG_WARN_INT_CONVERSION = YES;
				CLANG_WARN_NON_LITERAL_NULL_CONVERSION = YES;
				CLANG_WARN_OBJC_IMPLICIT_RETAIN_SELF = YES;
				CLANG_WARN_OBJC_LITERAL_CONVERSION = YES;
				CLANG_WARN_OBJC_ROOT_CLASS = YES_ERROR;
				CLANG_WARN_RANGE_LOOP_ANALYSIS = YES;
				CLANG_WARN_STRICT_PROTOTYPES = YES;
				CLANG_WARN_SUSPICIOUS_MOVE = YES;
				CLANG_WARN_UNGUARDED_AVAILABILITY = YES_AGGRESSIVE;
				CLANG_WARN_UNREACHABLE_CODE = YES;
				CLANG_WARN__DUPLICATE_METHOD_MATCH = YES;
				CODE_SIGN_IDENTITY = "iPhone Developer";
				COPY_PHASE_STRIP = NO;
				DEBUG_INFORMATION_FORMAT = dwarf;
				ENABLE_STRICT_OBJC_MSGSEND = YES;
				ENABLE_TESTABILITY = YES;
				GCC_C_LANGUAGE_STANDARD = gnu11;
				GCC_DYNAMIC_NO_PIC = NO;
				GCC_NO_COMMON_BLOCKS = YES;
				GCC_OPTIMIZATION_LEVEL = 0;
				GCC_PREPROCESSOR_DEFINITIONS = (
					"DEBUG=1",
					"$(inherited)",
				);
				GCC_WARN_64_TO_32_BIT_CONVERSION = YES;
				GCC_WARN_ABOUT_RETURN_TYPE = YES_ERROR;
				GCC_WARN_UNDECLARED_SELECTOR = YES;
				GCC_WARN_UNINITIALIZED_AUTOS = YES_AGGRESSIVE;
				GCC_WARN_UNUSED_FUNCTION = YES;
				GCC_WARN_UNUSED_VARIABLE = YES;
				IPHONEOS_DEPLOYMENT_TARGET = 12.2;
				MTL_ENABLE_DEBUG_INFO = INCLUDE_SOURCE;
				MTL_FAST_MATH = YES;
				ONLY_ACTIVE_ARCH = YES;
				SDKROOT = iphoneos;
				SWIFT_ACTIVE_COMPILATION_CONDITIONS = DEBUG;
				SWIFT_OPTIMIZATION_LEVEL = "-Onone";
			};
			name = Debug;
		};
		655B94BA2282C7AE004DBF32 /* Release */ = {
			isa = XCBuildConfiguration;
			buildSettings = {
				ALWAYS_SEARCH_USER_PATHS = NO;
				CLANG_ANALYZER_NONNULL = YES;
				CLANG_ANALYZER_NUMBER_OBJECT_CONVERSION = YES_AGGRESSIVE;
				CLANG_CXX_LANGUAGE_STANDARD = "gnu++14";
				CLANG_CXX_LIBRARY = "libc++";
				CLANG_ENABLE_MODULES = YES;
				CLANG_ENABLE_OBJC_ARC = YES;
				CLANG_ENABLE_OBJC_WEAK = YES;
				CLANG_WARN_BLOCK_CAPTURE_AUTORELEASING = YES;
				CLANG_WARN_BOOL_CONVERSION = YES;
				CLANG_WARN_COMMA = YES;
				CLANG_WARN_CONSTANT_CONVERSION = YES;
				CLANG_WARN_DEPRECATED_OBJC_IMPLEMENTATIONS = YES;
				CLANG_WARN_DIRECT_OBJC_ISA_USAGE = YES_ERROR;
				CLANG_WARN_DOCUMENTATION_COMMENTS = YES;
				CLANG_WARN_EMPTY_BODY = YES;
				CLANG_WARN_ENUM_CONVERSION = YES;
				CLANG_WARN_INFINITE_RECURSION = YES;
				CLANG_WARN_INT_CONVERSION = YES;
				CLANG_WARN_NON_LITERAL_NULL_CONVERSION = YES;
				CLANG_WARN_OBJC_IMPLICIT_RETAIN_SELF = YES;
				CLANG_WARN_OBJC_LITERAL_CONVERSION = YES;
				CLANG_WARN_OBJC_ROOT_CLASS = YES_ERROR;
				CLANG_WARN_RANGE_LOOP_ANALYSIS = YES;
				CLANG_WARN_STRICT_PROTOTYPES = YES;
				CLANG_WARN_SUSPICIOUS_MOVE = YES;
				CLANG_WARN_UNGUARDED_AVAILABILITY = YES_AGGRESSIVE;
				CLANG_WARN_UNREACHABLE_CODE = YES;
				CLANG_WARN__DUPLICATE_METHOD_MATCH = YES;
				CODE_SIGN_IDENTITY = "iPhone Developer";
				COPY_PHASE_STRIP = NO;
				DEBUG_INFORMATION_FORMAT = "dwarf-with-dsym";
				ENABLE_NS_ASSERTIONS = NO;
				ENABLE_STRICT_OBJC_MSGSEND = YES;
				GCC_C_LANGUAGE_STANDARD = gnu11;
				GCC_NO_COMMON_BLOCKS = YES;
				GCC_WARN_64_TO_32_BIT_CONVERSION = YES;
				GCC_WARN_ABOUT_RETURN_TYPE = YES_ERROR;
				GCC_WARN_UNDECLARED_SELECTOR = YES;
				GCC_WARN_UNINITIALIZED_AUTOS = YES_AGGRESSIVE;
				GCC_WARN_UNUSED_FUNCTION = YES;
				GCC_WARN_UNUSED_VARIABLE = YES;
				IPHONEOS_DEPLOYMENT_TARGET = 12.2;
				MTL_ENABLE_DEBUG_INFO = NO;
				MTL_FAST_MATH = YES;
				SDKROOT = iphoneos;
				SWIFT_COMPILATION_MODE = wholemodule;
				SWIFT_OPTIMIZATION_LEVEL = "-O";
				VALIDATE_PRODUCT = YES;
			};
			name = Release;
		};
		655B94BC2282C7AE004DBF32 /* Debug */ = {
			isa = XCBuildConfiguration;
			baseConfigurationReference = 7D51DD787090439D6A99759A /* Pods-SignalR.debug.xcconfig */;
			buildSettings = {
				ASSETCATALOG_COMPILER_APPICON_NAME = AppIcon;
				CODE_SIGN_STYLE = Automatic;
				INFOPLIST_FILE = SignalR/Info.plist;
				LD_RUNPATH_SEARCH_PATHS = (
					"$(inherited)",
					"@executable_path/Frameworks",
				);
				PRODUCT_BUNDLE_IDENTIFIER = tw.awesomegaming.SignalR;
				PRODUCT_NAME = "$(TARGET_NAME)";
				SWIFT_VERSION = 5.0;
				TARGETED_DEVICE_FAMILY = "1,2";
			};
			name = Debug;
		};
		655B94BD2282C7AE004DBF32 /* Release */ = {
			isa = XCBuildConfiguration;
			baseConfigurationReference = E0A49F9DAA24BC2A351034BB /* Pods-SignalR.release.xcconfig */;
			buildSettings = {
				ASSETCATALOG_COMPILER_APPICON_NAME = AppIcon;
				CODE_SIGN_STYLE = Automatic;
				INFOPLIST_FILE = SignalR/Info.plist;
				LD_RUNPATH_SEARCH_PATHS = (
					"$(inherited)",
					"@executable_path/Frameworks",
				);
				PRODUCT_BUNDLE_IDENTIFIER = tw.awesomegaming.SignalR;
				PRODUCT_NAME = "$(TARGET_NAME)";
				SWIFT_VERSION = 5.0;
				TARGETED_DEVICE_FAMILY = "1,2";
			};
			name = Release;
		};
/* End XCBuildConfiguration section */

/* Begin XCConfigurationList section */
		655B94A42282C7AD004DBF32 /* Build configuration list for PBXProject "SignalR" */ = {
			isa = XCConfigurationList;
			buildConfigurations = (
				655B94B92282C7AE004DBF32 /* Debug */,
				655B94BA2282C7AE004DBF32 /* Release */,
			);
			defaultConfigurationIsVisible = 0;
			defaultConfigurationName = Release;
		};
		655B94BB2282C7AE004DBF32 /* Build configuration list for PBXNativeTarget "SignalR" */ = {
			isa = XCConfigurationList;
			buildConfigurations = (
				655B94BC2282C7AE004DBF32 /* Debug */,
				655B94BD2282C7AE004DBF32 /* Release */,
			);
			defaultConfigurationIsVisible = 0;
			defaultConfigurationName = Release;
		};
/* End XCConfigurationList section */
	};
	rootObject = 655B94A12282C7AD004DBF32 /* Project object */;
}
